
Microsoft Visual Studio Solution File, Format Version 12.00
# Visual Studio 15
VisualStudioVersion = 15.0.28307.329
MinimumVisualStudioVersion = 10.0.40219.1
Project("{FAE04EC0-301F-11D3-BF4B-00C04F79EFBC}") = "ProjetoSemanal_2 - WeatherApp", "ProjetoSemanal_2 - WeatherApp\ProjetoSemanal_2 - WeatherApp.csproj", "{5DCBAA5A-9B13-458D-A022-A14B28AE28C7}"
EndProject
Global
	GlobalSection(SolutionConfigurationPlatforms) = preSolution
		Debug|Any CPU = Debug|Any CPU
		Release|Any CPU = Release|Any CPU
	EndGlobalSection
	GlobalSection(ProjectConfigurationPlatforms) = postSolution
		{5DCBAA5A-9B13-458D-A022-A14B28AE28C7}.Debug|Any CPU.ActiveCfg = Debug|Any CPU
		{5DCBAA5A-9B13-458D-A022-A14B28AE28C7}.Debug|Any CPU.Build.0 = Debug|Any CPU
		{5DCBAA5A-9B13-458D-A022-A14B28AE28C7}.Release|Any CPU.ActiveCfg = Release|Any CPU
		{5DCBAA5A-9B13-458D-A022-A14B28AE28C7}.Release|Any CPU.Build.0 = Release|Any CPU
	EndGlobalSection
	GlobalSection(SolutionProperties) = preSolution
		HideSolutionNode = FALSE
	EndGlobalSection
	GlobalSection(ExtensibilityGlobals) = postSolution
		SolutionGuid = {CFE158AF-F600-49B7-9AD2-E249ED57D465}
	EndGlobalSection
EndGlobal
